
Microsoft Visual Studio Solution File, Format Version 12.00
# Visual Studio 2012
Project("{FAE04EC0-301F-11D3-BF4B-00C04F79EFBC}") = "TCP_Serv_Client", "TCP_Serv_Client\TCP_Serv_Client.csproj", "{AAC50D9C-2F78-4433-8A69-A61D1354F9E9}"
EndProject
Global
	GlobalSection(TeamFoundationVersionControl) = preSolution
		SccNumberOfProjects = 2
		SccEnterpriseProvider = {4CA58AB2-18FA-4F8D-95D4-32DDF27D184C}
		SccTeamFoundationServer = https://dsappet.visualstudio.com/defaultcollection
		SccLocalPath0 = .
		SccProjectUniqueName1 = TCP_Serv_Client\\TCP_Serv_Client.csproj
		SccProjectName1 = TCP_Serv_Client
		SccLocalPath1 = TCP_Serv_Client
	EndGlobalSection
	GlobalSection(SolutionConfigurationPlatforms) = preSolution
		Debug|Any CPU = Debug|Any CPU
		Release|Any CPU = Release|Any CPU
	EndGlobalSection
	GlobalSection(ProjectConfigurationPlatforms) = postSolution
		{AAC50D9C-2F78-4433-8A69-A61D1354F9E9}.Debug|Any CPU.ActiveCfg = Debug|Any CPU
		{AAC50D9C-2F78-4433-8A69-A61D1354F9E9}.Debug|Any CPU.Build.0 = Debug|Any CPU
		{AAC50D9C-2F78-4433-8A69-A61D1354F9E9}.Release|Any CPU.ActiveCfg = Release|Any CPU
		{AAC50D9C-2F78-4433-8A69-A61D1354F9E9}.Release|Any CPU.Build.0 = Release|Any CPU
	EndGlobalSection
	GlobalSection(SolutionProperties) = preSolution
		HideSolutionNode = FALSE
	EndGlobalSection
EndGlobal
